# THIS IS AN AUTOGENERATED FILE. DO NOT EDIT THIS FILE DIRECTLY.
# yarn lockfile v1


htm@^3.0.4:
  version "3.0.4"
  resolved "https://registry.yarnpkg.com/htm/-/htm-3.0.4.tgz#c90c891645d2d792bdb9f8c867964b18e3503718"
  integrity sha512-VRdvxX3tmrXuT/Ovt59NMp/ORMFi4bceFMDjos1PV4E0mV+5votuID8R60egR9A4U8nLt238R/snlJGz3UYiTQ==

preact@^10.4.1:
  version "10.4.5"
  resolved "https://registry.yarnpkg.com/preact/-/preact-10.4.5.tgz#457fe034d558595864d0663574c2850f0b43d28e"
  integrity sha512-/GyQOM44xNbM1nx1NWWdEO9RFjOVl3Ji6HTnEP+y9OkfyvJDHXnWJPQnuknrslzu5lZfAtFavS8gka91fbFAPg==
